
Microsoft Visual Studio Solution File, Format Version 12.00
# Visual Studio 15
VisualStudioVersion = 15.0.27428.2043
MinimumVisualStudioVersion = 10.0.40219.1
Project("{9A19103F-16F7-4668-BE54-9A1E7A4F7556}") = "Blake2.Bench", "..\tests\Blake2.Bench\Blake2.Bench.csproj", "{C19EDB86-A15B-4E95-9B7F-DC9D725F70F1}"
EndProject
Project("{9A19103F-16F7-4668-BE54-9A1E7A4F7556}") = "Blake2.Test", "..\tests\Blake2.Test\Blake2.Test.csproj", "{791618B6-C4AC-4859-8259-589416D0864A}"
EndProject
Project("{FAE04EC0-301F-11D3-BF4B-00C04F79EFBC}") = "Blake2Fast", "Blake2Fast\Blake2Fast.csproj", "{D9ABAAEA-7766-497A-88F5-92FF501B51EC}"
EndProject
Global
	GlobalSection(SolutionConfigurationPlatforms) = preSolution
		Debug|Any CPU = Debug|Any CPU
		Release|Any CPU = Release|Any CPU
	EndGlobalSection
	GlobalSection(ProjectConfigurationPlatforms) = postSolution
		{C19EDB86-A15B-4E95-9B7F-DC9D725F70F1}.Debug|Any CPU.ActiveCfg = Debug|Any CPU
		{C19EDB86-A15B-4E95-9B7F-DC9D725F70F1}.Debug|Any CPU.Build.0 = Debug|Any CPU
		{C19EDB86-A15B-4E95-9B7F-DC9D725F70F1}.Release|Any CPU.ActiveCfg = Release|Any CPU
		{C19EDB86-A15B-4E95-9B7F-DC9D725F70F1}.Release|Any CPU.Build.0 = Release|Any CPU
		{791618B6-C4AC-4859-8259-589416D0864A}.Debug|Any CPU.ActiveCfg = Debug|Any CPU
		{791618B6-C4AC-4859-8259-589416D0864A}.Debug|Any CPU.Build.0 = Debug|Any CPU
		{791618B6-C4AC-4859-8259-589416D0864A}.Release|Any CPU.ActiveCfg = Release|Any CPU
		{791618B6-C4AC-4859-8259-589416D0864A}.Release|Any CPU.Build.0 = Release|Any CPU
		{D9ABAAEA-7766-497A-88F5-92FF501B51EC}.Debug|Any CPU.ActiveCfg = Debug|Any CPU
		{D9ABAAEA-7766-497A-88F5-92FF501B51EC}.Debug|Any CPU.Build.0 = Debug|Any CPU
		{D9ABAAEA-7766-497A-88F5-92FF501B51EC}.Release|Any CPU.ActiveCfg = Release|Any CPU
		{D9ABAAEA-7766-497A-88F5-92FF501B51EC}.Release|Any CPU.Build.0 = Release|Any CPU
	EndGlobalSection
	GlobalSection(SolutionProperties) = preSolution
		HideSolutionNode = FALSE
	EndGlobalSection
	GlobalSection(ExtensibilityGlobals) = postSolution
		SolutionGuid = {CDE3A913-9F86-4973-9FDB-2996ECBE09FE}
	EndGlobalSection
EndGlobal
